<?xml version="1.0" encoding="utf-8"?>
<Project ToolsVersion="4.0" xmlns="http://schemas.microsoft.com/developer/msbuild/2003">
  <ItemGroup>
    <ClCompile Include="Car.cpp" />
    <ClCompile Include="Collectible.cpp" />
    <ClCompile Include="Game.cpp" />
    <ClCompile Include="Graphics\Camera.cpp" />
    <ClCompile Include="Graphics\LuminaBehaviour.cpp" />
    <ClCompile Include="Graphics\Data.cpp" />
    <ClCompile Include="Graphics\GameObject.cpp" />
    <ClCompile Include="Graphics\Light.cpp" />
    <ClCompile Include="Graphics\Material.cpp" />
    <ClCompile Include="Graphics\Mesh.cpp" />
    <ClCompile Include="Graphics\MeshBuilder.cpp" />
    <ClCompile Include="Graphics\PostProcess.cpp" />
    <ClCompile Include="Graphics\RenderTexture.cpp" />
    <ClCompile Include="Graphics\TextRenderer.cpp" />
    <ClCompile Include="Graphics\Texture2D.cpp" />
    <ClCompile Include="Graphics\Transform.cpp" />
    <ClCompile Include="Main.cpp" />
    <ClCompile Include="Math\Math.cpp" />
    <ClCompile Include="Math\Matrix.cpp" />
    <ClCompile Include="Math\Quaternion.cpp" />
    <ClCompile Include="Math\Vector.cpp" />
    <ClCompile Include="Physics\Collider.cpp" />
    <ClCompile Include="Physics\PhysicsContext.cpp" />
    <ClCompile Include="Physics\Rigidbody.cpp" />
    <ClCompile Include="Physics\Shape.cpp" />
    <ClCompile Include="TestScene.cpp" />
    <ClCompile Include="Utility\FileSystem.cpp" />
    <ClCompile Include="Utility\Input.cpp" />
    <ClCompile Include="Utility\Murmur3\MurmurHash.cpp" />
    <ClCompile Include="Utility\Timer.cpp" />
    <ClCompile Include="Window.cpp" />
  </ItemGroup>
  <ItemGroup>
    <ClInclude Include="Car.h" />
    <ClInclude Include="Collectible.h" />
    <ClInclude Include="Config.hpp" />
    <ClInclude Include="Game.hpp" />
    <ClInclude Include="Graphics\Camera.hpp" />
    <ClInclude Include="Graphics\LuminaBehaviour.hpp" />
    <ClInclude Include="Graphics\Data.hpp" />
    <ClInclude Include="Graphics\GameObject.hpp" />
    <ClInclude Include="Graphics\Graphics.hpp" />
    <ClInclude Include="Graphics\Light.hpp" />
    <ClInclude Include="Graphics\Material.hpp" />
    <ClInclude Include="Graphics\Mesh.hpp" />
    <ClInclude Include="Graphics\MeshBuilder.hpp" />
    <ClInclude Include="Graphics\PostProcess.hpp" />
    <ClInclude Include="Graphics\RenderTexture.hpp" />
    <ClInclude Include="Graphics\TextRenderer.hpp" />
    <ClInclude Include="Graphics\Texture2D.hpp" />
    <ClInclude Include="Graphics\Transform.hpp" />
    <ClInclude Include="LuminaGL.hpp" />
    <ClInclude Include="Math\LVector.hpp" />
    <ClInclude Include="Math\Math.hpp" />
    <ClInclude Include="Math\Matrix.hpp" />
    <ClInclude Include="Math\Quaternion.hpp" />
    <ClInclude Include="Math\Vector.hpp" />
    <ClInclude Include="Physics\Collider.hpp" />
    <ClInclude Include="Physics\ContactContainer.hpp" />
    <ClInclude Include="Physics\PhysicsContext.hpp" />
    <ClInclude Include="Physics\Rigidbody.hpp" />
    <ClInclude Include="Physics\Shape.hpp" />
    <ClInclude Include="Scene.hpp" />
    <ClInclude Include="TestScene.hpp" />
    <ClInclude Include="Utility\FileSystem.hpp" />
    <ClInclude Include="Utility\Input.hpp" />
    <ClInclude Include="Utility\Murmur3\MurmurHash.h" />
    <ClInclude Include="Utility\stb_image.h" />
    <ClInclude Include="Utility\Timer.hpp" />
    <ClInclude Include="Window.hpp" />
  </ItemGroup>
  <ItemGroup>
    <None Include="..\content\Shaders\boundingBox.frag" />
    <None Include="..\content\Shaders\default.frag" />
    <None Include="..\content\Shaders\default.vert" />
    <None Include="..\content\Shaders\directionalLight.frag" />
    <None Include="..\content\Shaders\directionalLight.vert" />
    <None Include="..\content\Shaders\pointLight.frag" />
    <None Include="..\content\Shaders\pointLight.vert" />
    <None Include="..\content\Shaders\PostProcess\DrawToScreen.frag" />
    <None Include="..\content\Shaders\PostProcess\Vertex.vert" />
    <None Include="..\content\Shaders\spotLight.frag" />
    <None Include="..\content\Shaders\spotLight.vert" />
    <None Include="..\content\Shaders\textured.frag" />
    <None Include="..\content\Shaders\textured.vert" />
  </ItemGroup>
</Project>